
Microsoft Visual Studio Solution File, Format Version 12.00
# Visual Studio Version 18
VisualStudioVersion = 18.7.11925.98 stable
MinimumVisualStudioVersion = 10.0.40219.1
Project("{9A19103F-16F7-4668-BE54-9A1E7A4F7556}") = "WolfCurses", "src\WolfCurses.csproj", "{CFD4B0CA-45B8-4B88-A56C-7DF59548AD55}"
EndProject
Project("{2150E333-8FDC-42A3-9474-1A3956D46DE8}") = "tests", "tests", "{0AB3BF05-4346-4AA6-1389-037BE0695223}"
EndProject
Project("{FAE04EC0-301F-11D3-BF4B-00C04F79EFBC}") = "WolfCurses.Tests", "tests\WolfCurses.Tests\WolfCurses.Tests.csproj", "{2A34E59F-48B3-407D-B9FA-E8047E03D621}"
EndProject
Project("{2150E333-8FDC-42A3-9474-1A3956D46DE8}") = "src", "src", "{827E0CD3-B72D-47B6-A68D-7590B98EB39B}"
EndProject
Global
	GlobalSection(SolutionConfigurationPlatforms) = preSolution
		Debug|Any CPU = Debug|Any CPU
		Debug|x64 = Debug|x64
		Debug|x86 = Debug|x86
		Release|Any CPU = Release|Any CPU
		Release|x64 = Release|x64
		Release|x86 = Release|x86
	EndGlobalSection
	GlobalSection(ProjectConfigurationPlatforms) = postSolution
		{CFD4B0CA-45B8-4B88-A56C-7DF59548AD55}.Debug|Any CPU.ActiveCfg = Debug|Any CPU
		{CFD4B0CA-45B8-4B88-A56C-7DF59548AD55}.Debug|Any CPU.Build.0 = Debug|Any CPU
		{CFD4B0CA-45B8-4B88-A56C-7DF59548AD55}.Debug|x64.ActiveCfg = Debug|Any CPU
		{CFD4B0CA-45B8-4B88-A56C-7DF59548AD55}.Debug|x64.Build.0 = Debug|Any CPU
		{CFD4B0CA-45B8-4B88-A56C-7DF59548AD55}.Debug|x86.ActiveCfg = Debug|Any CPU
		{CFD4B0CA-45B8-4B88-A56C-7DF59548AD55}.Debug|x86.Build.0 = Debug|Any CPU
		{CFD4B0CA-45B8-4B88-A56C-7DF59548AD55}.Release|Any CPU.ActiveCfg = Release|Any CPU
		{CFD4B0CA-45B8-4B88-A56C-7DF59548AD55}.Release|Any CPU.Build.0 = Release|Any CPU
		{CFD4B0CA-45B8-4B88-A56C-7DF59548AD55}.Release|x64.ActiveCfg = Release|Any CPU
		{CFD4B0CA-45B8-4B88-A56C-7DF59548AD55}.Release|x64.Build.0 = Release|Any CPU
		{CFD4B0CA-45B8-4B88-A56C-7DF59548AD55}.Release|x86.ActiveCfg = Release|Any CPU
		{CFD4B0CA-45B8-4B88-A56C-7DF59548AD55}.Release|x86.Build.0 = Release|Any CPU
		{2A34E59F-48B3-407D-B9FA-E8047E03D621}.Debug|Any CPU.ActiveCfg = Debug|Any CPU
		{2A34E59F-48B3-407D-B9FA-E8047E03D621}.Debug|Any CPU.Build.0 = Debug|Any CPU
		{2A34E59F-48B3-407D-B9FA-E8047E03D621}.Debug|x64.ActiveCfg = Debug|Any CPU
		{2A34E59F-48B3-407D-B9FA-E8047E03D621}.Debug|x64.Build.0 = Debug|Any CPU
		{2A34E59F-48B3-407D-B9FA-E8047E03D621}.Debug|x86.ActiveCfg = Debug|Any CPU
		{2A34E59F-48B3-407D-B9FA-E8047E03D621}.Debug|x86.Build.0 = Debug|Any CPU
		{2A34E59F-48B3-407D-B9FA-E8047E03D621}.Release|Any CPU.ActiveCfg = Release|Any CPU
		{2A34E59F-48B3-407D-B9FA-E8047E03D621}.Release|Any CPU.Build.0 = Release|Any CPU
		{2A34E59F-48B3-407D-B9FA-E8047E03D621}.Release|x64.ActiveCfg = Release|Any CPU
		{2A34E59F-48B3-407D-B9FA-E8047E03D621}.Release|x64.Build.0 = Release|Any CPU
		{2A34E59F-48B3-407D-B9FA-E8047E03D621}.Release|x86.ActiveCfg = Release|Any CPU
		{2A34E59F-48B3-407D-B9FA-E8047E03D621}.Release|x86.Build.0 = Release|Any CPU
	EndGlobalSection
	GlobalSection(SolutionProperties) = preSolution
		HideSolutionNode = FALSE
	EndGlobalSection
	GlobalSection(NestedProjects) = preSolution
		{CFD4B0CA-45B8-4B88-A56C-7DF59548AD55} = {827E0CD3-B72D-47B6-A68D-7590B98EB39B}
		{2A34E59F-48B3-407D-B9FA-E8047E03D621} = {0AB3BF05-4346-4AA6-1389-037BE0695223}
	EndGlobalSection
	GlobalSection(ExtensibilityGlobals) = postSolution
		SolutionGuid = {16864F53-BBE7-4F92-BF7A-8F86C544B3C3}
	EndGlobalSection
EndGlobal
